
Microsoft Visual Studio Solution File, Format Version 12.00
# Visual Studio Version 17
VisualStudioVersion = 17.2.32505.173
MinimumVisualStudioVersion = 10.0.40219.1
Project("{9A19103F-16F7-4668-BE54-9A1E7A4F7556}") = "Ridavei.Settings", "Ridavei.Settings\Ridavei.Settings.csproj", "{2E8DCD4D-C630-4327-880F-815F1CA0060A}"
EndProject
Project("{9A19103F-16F7-4668-BE54-9A1E7A4F7556}") = "Ridavei.Settings.Tests", "Ridavei.Settings.Tests\Ridavei.Settings.Tests.csproj", "{DC904D91-A544-4074-BEED-D138C3713801}"
EndProject
Global
	GlobalSection(SolutionConfigurationPlatforms) = preSolution
		Debug|Any CPU = Debug|Any CPU
		Release|Any CPU = Release|Any CPU
	EndGlobalSection
	GlobalSection(ProjectConfigurationPlatforms) = postSolution
		{2E8DCD4D-C630-4327-880F-815F1CA0060A}.Debug|Any CPU.ActiveCfg = Debug|Any CPU
		{2E8DCD4D-C630-4327-880F-815F1CA0060A}.Debug|Any CPU.Build.0 = Debug|Any CPU
		{2E8DCD4D-C630-4327-880F-815F1CA0060A}.Release|Any CPU.ActiveCfg = Release|Any CPU
		{2E8DCD4D-C630-4327-880F-815F1CA0060A}.Release|Any CPU.Build.0 = Release|Any CPU
		{DC904D91-A544-4074-BEED-D138C3713801}.Debug|Any CPU.ActiveCfg = Debug|Any CPU
		{DC904D91-A544-4074-BEED-D138C3713801}.Debug|Any CPU.Build.0 = Debug|Any CPU
		{DC904D91-A544-4074-BEED-D138C3713801}.Release|Any CPU.ActiveCfg = Release|Any CPU
		{DC904D91-A544-4074-BEED-D138C3713801}.Release|Any CPU.Build.0 = Release|Any CPU
	EndGlobalSection
	GlobalSection(SolutionProperties) = preSolution
		HideSolutionNode = FALSE
	EndGlobalSection
	GlobalSection(ExtensibilityGlobals) = postSolution
		SolutionGuid = {3B5561B8-A243-4877-B06B-924EB475C866}
	EndGlobalSection
EndGlobal
